{
  "name": "softure-ai",
  "lockfileVersion": 3,
  "requires": true,
  "packages": {
    "": {
      "name": "softure-ai",
      "license": "MIT",
      "workspaces": [
        "foundation/*",
        "modules/*",
        "tools/*"
      ],
      "devDependencies": {
        "@softure-ai/skills": "^0.2.1"
      },
      "engines": {
        "node": ">=22"
      }
    },
    "node_modules/@softure-ai/skills": {
      "version": "0.2.1",
      "resolved": "https://registry.npmjs.org/@softure-ai/skills/-/skills-0.2.1.tgz",
      "integrity": "sha512-S63DhHCJOh884ybvWBq+u7LuXqLUApDDMAmbBultm9NTHE2/TbnasJVHndKqjM4VpdqWByyVPueGjsFUH11mYQ==",
      "dev": true,
      "hasInstallScript": true,
      "license": "MIT",
      "bin": {
        "softure-skills": "scripts/install.mjs"
      },
      "engines": {
        "node": ">=20"
      }
    }
  }
}
