{
  "name": "softure-ai",
  "lockfileVersion": 3,
  "requires": true,
  "packages": {
    "": {
      "name": "softure-ai",
      "license": "MIT",
      "workspaces": [
        "foundation/*",
        "modules/*",
        "tools/*"
      ],
      "devDependencies": {
        "@softure-ai/skills": "^0.3.0"
      },
      "engines": {
        "node": ">=22"
      }
    },
    "node_modules/@softure-ai/skills": {
      "version": "0.3.0",
      "resolved": "https://registry.npmjs.org/@softure-ai/skills/-/skills-0.3.0.tgz",
      "integrity": "sha512-8tyExS7a2pOQrkw0XHPWnNG4mMH2/D6sVUFQrCbz+ECog++xrvTJj7ZorBCmKQPPHXAYc4ulozgJboNYMoc7Rw==",
      "dev": true,
      "hasInstallScript": true,
      "license": "MIT",
      "bin": {
        "softure-skills": "scripts/install.mjs"
      },
      "engines": {
        "node": ">=20"
      }
    }
  }
}
