{
  "name": "softure-ai",
  "lockfileVersion": 3,
  "requires": true,
  "packages": {
    "": {
      "name": "softure-ai",
      "license": "MIT",
      "workspaces": [
        "foundation/*",
        "modules/*",
        "tools/*"
      ],
      "devDependencies": {
        "@softure-ai/skills": "^0.1.1"
      },
      "engines": {
        "node": ">=22"
      }
    },
    "node_modules/@softure-ai/skills": {
      "version": "0.1.1",
      "resolved": "https://registry.npmjs.org/@softure-ai/skills/-/skills-0.1.1.tgz",
      "integrity": "sha512-EJYjNSm6MH/1uHpmaI+kn53VVKuID1bcglNhoRX6rzRgnBcJCb6VgLoLVZliU0kPuf+CnJb2A8xWI9mjFTZ+1A==",
      "dev": true,
      "hasInstallScript": true,
      "license": "MIT",
      "bin": {
        "softure-skills": "scripts/install.mjs"
      },
      "engines": {
        "node": ">=20"
      }
    }
  }
}
